
Microsoft Visual Studio Solution File, Format Version 12.00
# Visual Studio 2012
Project("{FAE04EC0-301F-11D3-BF4B-00C04F79EFBC}") = "Elastacloud.Spotify.Goose", "Elastacloud.Spotify.Goose\Elastacloud.Spotify.Goose.csproj", "{DB03BBB0-8DB6-416A-ADC6-871EEFE3BB93}"
EndProject
Project("{FAE04EC0-301F-11D3-BF4B-00C04F79EFBC}") = "Elastacloud.Spotify.AltGooser", "Elastacloud.Spotify.AltGooser\Elastacloud.Spotify.AltGooser.csproj", "{DB679AB8-A215-406A-A3DE-7FAF4AFAA026}"
EndProject
Global
	GlobalSection(SolutionConfigurationPlatforms) = preSolution
		Debug|Any CPU = Debug|Any CPU
		Release|Any CPU = Release|Any CPU
	EndGlobalSection
	GlobalSection(ProjectConfigurationPlatforms) = postSolution
		{DB03BBB0-8DB6-416A-ADC6-871EEFE3BB93}.Debug|Any CPU.ActiveCfg = Debug|Any CPU
		{DB03BBB0-8DB6-416A-ADC6-871EEFE3BB93}.Debug|Any CPU.Build.0 = Debug|Any CPU
		{DB03BBB0-8DB6-416A-ADC6-871EEFE3BB93}.Release|Any CPU.ActiveCfg = Release|Any CPU
		{DB03BBB0-8DB6-416A-ADC6-871EEFE3BB93}.Release|Any CPU.Build.0 = Release|Any CPU
		{DB679AB8-A215-406A-A3DE-7FAF4AFAA026}.Debug|Any CPU.ActiveCfg = Debug|Any CPU
		{DB679AB8-A215-406A-A3DE-7FAF4AFAA026}.Debug|Any CPU.Build.0 = Debug|Any CPU
		{DB679AB8-A215-406A-A3DE-7FAF4AFAA026}.Release|Any CPU.ActiveCfg = Release|Any CPU
		{DB679AB8-A215-406A-A3DE-7FAF4AFAA026}.Release|Any CPU.Build.0 = Release|Any CPU
	EndGlobalSection
	GlobalSection(SolutionProperties) = preSolution
		HideSolutionNode = FALSE
	EndGlobalSection
EndGlobal
